
Microsoft Visual Studio Solution File, Format Version 12.00
# Visual Studio Version 16
VisualStudioVersion = 16.0.29009.5
MinimumVisualStudioVersion = 10.0.40219.1
Project("{8BC9CEB8-8B4A-11D0-8D11-00A0C91BC942}") = "CG-2019N-T3", "CG-2019N-T3\CG-2019N-T3.vcxproj", "{F67F81A7-38E1-4BF3-8989-8258AABE742F}"
EndProject
Project("{8BC9CEB8-8B4A-11D0-8D11-00A0C91BC942}") = "paratestes", "paratestes\paratestes.vcxproj", "{EC736670-2ED1-465E-983E-E3B6FC2B1CD8}"
EndProject
Global
	GlobalSection(SolutionConfigurationPlatforms) = preSolution
		Debug|x64 = Debug|x64
		Debug|x86 = Debug|x86
		Release|x64 = Release|x64
		Release|x86 = Release|x86
	EndGlobalSection
	GlobalSection(ProjectConfigurationPlatforms) = postSolution
		{F67F81A7-38E1-4BF3-8989-8258AABE742F}.Debug|x64.ActiveCfg = Debug|x64
		{F67F81A7-38E1-4BF3-8989-8258AABE742F}.Debug|x64.Build.0 = Debug|x64
		{F67F81A7-38E1-4BF3-8989-8258AABE742F}.Debug|x86.ActiveCfg = Debug|Win32
		{F67F81A7-38E1-4BF3-8989-8258AABE742F}.Debug|x86.Build.0 = Debug|Win32
		{F67F81A7-38E1-4BF3-8989-8258AABE742F}.Release|x64.ActiveCfg = Release|x64
		{F67F81A7-38E1-4BF3-8989-8258AABE742F}.Release|x64.Build.0 = Release|x64
		{F67F81A7-38E1-4BF3-8989-8258AABE742F}.Release|x86.ActiveCfg = Release|Win32
		{F67F81A7-38E1-4BF3-8989-8258AABE742F}.Release|x86.Build.0 = Release|Win32
		{EC736670-2ED1-465E-983E-E3B6FC2B1CD8}.Debug|x64.ActiveCfg = Debug|x64
		{EC736670-2ED1-465E-983E-E3B6FC2B1CD8}.Debug|x64.Build.0 = Debug|x64
		{EC736670-2ED1-465E-983E-E3B6FC2B1CD8}.Debug|x86.ActiveCfg = Debug|Win32
		{EC736670-2ED1-465E-983E-E3B6FC2B1CD8}.Debug|x86.Build.0 = Debug|Win32
		{EC736670-2ED1-465E-983E-E3B6FC2B1CD8}.Release|x64.ActiveCfg = Release|x64
		{EC736670-2ED1-465E-983E-E3B6FC2B1CD8}.Release|x64.Build.0 = Release|x64
		{EC736670-2ED1-465E-983E-E3B6FC2B1CD8}.Release|x86.ActiveCfg = Release|Win32
		{EC736670-2ED1-465E-983E-E3B6FC2B1CD8}.Release|x86.Build.0 = Release|Win32
	EndGlobalSection
	GlobalSection(SolutionProperties) = preSolution
		HideSolutionNode = FALSE
	EndGlobalSection
	GlobalSection(ExtensibilityGlobals) = postSolution
		SolutionGuid = {0F8D71D5-1AD4-4697-A545-7C45180DB017}
	EndGlobalSection
EndGlobal
